
Microsoft Visual Studio Solution File, Format Version 12.00
# Visual Studio 15
VisualStudioVersion = 15.0.27130.2027
MinimumVisualStudioVersion = 10.0.40219.1
Project("{FAE04EC0-301F-11D3-BF4B-00C04F79EFBC}") = "BoardgameStore", "BoardgameStore\BoardgameStore.csproj", "{42845830-FA2A-464B-82DF-5CAF8D9D939E}"
EndProject
Global
	GlobalSection(SolutionConfigurationPlatforms) = preSolution
		Debug|Any CPU = Debug|Any CPU
		Release|Any CPU = Release|Any CPU
	EndGlobalSection
	GlobalSection(ProjectConfigurationPlatforms) = postSolution
		{42845830-FA2A-464B-82DF-5CAF8D9D939E}.Debug|Any CPU.ActiveCfg = Debug|Any CPU
		{42845830-FA2A-464B-82DF-5CAF8D9D939E}.Debug|Any CPU.Build.0 = Debug|Any CPU
		{42845830-FA2A-464B-82DF-5CAF8D9D939E}.Release|Any CPU.ActiveCfg = Release|Any CPU
		{42845830-FA2A-464B-82DF-5CAF8D9D939E}.Release|Any CPU.Build.0 = Release|Any CPU
	EndGlobalSection
	GlobalSection(SolutionProperties) = preSolution
		HideSolutionNode = FALSE
	EndGlobalSection
	GlobalSection(ExtensibilityGlobals) = postSolution
		SolutionGuid = {7D8A1369-72A3-47B0-BE05-9045D772B241}
	EndGlobalSection
EndGlobal
